
Microsoft Visual Studio Solution File, Format Version 10.00
# Visual Studio 2008
Project("{E24C65DC-7377-472B-9ABA-BC803B73C61A}") = "Resume", "D:\develop\Resume\", "{20C66611-5C70-4981-9727-F0D9405BBC44}"
	ProjectSection(WebsiteProperties) = preProject
		TargetFramework = "3.5"
		Debug.AspNetCompiler.VirtualPath = "/Resume"
		Debug.AspNetCompiler.PhysicalPath = "..\Resume\"
		Debug.AspNetCompiler.TargetPath = "PrecompiledWeb\Resume\"
		Debug.AspNetCompiler.Updateable = "true"
		Debug.AspNetCompiler.ForceOverwrite = "true"
		Debug.AspNetCompiler.FixedNames = "false"
		Debug.AspNetCompiler.Debug = "True"
		Release.AspNetCompiler.VirtualPath = "/Resume"
		Release.AspNetCompiler.PhysicalPath = "..\Resume\"
		Release.AspNetCompiler.TargetPath = "PrecompiledWeb\Resume\"
		Release.AspNetCompiler.Updateable = "true"
		Release.AspNetCompiler.ForceOverwrite = "true"
		Release.AspNetCompiler.FixedNames = "false"
		Release.AspNetCompiler.Debug = "False"
		VWDPort = "31063"
		DefaultWebSiteLanguage = "Visual C#"
	EndProjectSection
EndProject
Global
	GlobalSection(SolutionConfigurationPlatforms) = preSolution
		Debug|Any CPU = Debug|Any CPU
	EndGlobalSection
	GlobalSection(ProjectConfigurationPlatforms) = postSolution
		{20C66611-5C70-4981-9727-F0D9405BBC44}.Debug|Any CPU.ActiveCfg = Debug|Any CPU
		{20C66611-5C70-4981-9727-F0D9405BBC44}.Debug|Any CPU.Build.0 = Debug|Any CPU
	EndGlobalSection
	GlobalSection(SolutionProperties) = preSolution
		HideSolutionNode = FALSE
	EndGlobalSection
EndGlobal
